
Microsoft Visual Studio Solution File, Format Version 12.00
Project("{FAE04EC0-301F-11D3-BF4B-00C04F79EFBC}") = "maxbl4.RfidDotNet", "maxbl4.RfidDotNet\maxbl4.RfidDotNet.csproj", "{B7086186-E78E-4818-8C13-0626BB60B4A5}"
EndProject
Project("{FAE04EC0-301F-11D3-BF4B-00C04F79EFBC}") = "maxbl4.RfidDotNet.AlienTech", "maxbl4.RfidDotNet.AlienTech\maxbl4.RfidDotNet.AlienTech.csproj", "{9C0291BE-0220-4D46-8659-31E5B30DFB88}"
EndProject
Project("{FAE04EC0-301F-11D3-BF4B-00C04F79EFBC}") = "maxbl4.RfidDotNet.AlienTech.Tests", "maxbl4.RfidDotNet.AlienTech.Tests\maxbl4.RfidDotNet.AlienTech.Tests.csproj", "{D64A58B8-52EA-4F2E-95F4-C0BD8AC139CF}"
EndProject
Project("{FAE04EC0-301F-11D3-BF4B-00C04F79EFBC}") = "maxbl4.RfidDotNet.GenericSerial", "maxbl4.RfidDotNet.GenericSerial\maxbl4.RfidDotNet.GenericSerial.csproj", "{5DFC3FDC-6D78-4BD1-A3B5-A3D92BA464FF}"
EndProject
Project("{FAE04EC0-301F-11D3-BF4B-00C04F79EFBC}") = "maxbl4.RfidDotNet.GenericSerial.Tests", "maxbl4.RfidDotNet.GenericSerial.Tests\maxbl4.RfidDotNet.GenericSerial.Tests.csproj", "{F7FA8E04-F435-4F1E-8E4C-63174FCB204F}"
EndProject
Project("{FAE04EC0-301F-11D3-BF4B-00C04F79EFBC}") = "maxbl4.RfidDotNet.GenericSerial.Demo", "maxbl4.RfidDotNet.GenericSerial.Demo\maxbl4.RfidDotNet.GenericSerial.Demo.csproj", "{1AEACBD3-D0FB-4360-845F-02742F771338}"
EndProject
Project("{FAE04EC0-301F-11D3-BF4B-00C04F79EFBC}") = "maxbl4.RfidDotNet.Tests", "maxbl4.RfidDotNet.Tests\maxbl4.RfidDotNet.Tests.csproj", "{7668612E-71F5-43BE-86CD-A61D330DACE9}"
EndProject
Global
	GlobalSection(SolutionConfigurationPlatforms) = preSolution
		Debug|Any CPU = Debug|Any CPU
		Release|Any CPU = Release|Any CPU
	EndGlobalSection
	GlobalSection(ProjectConfigurationPlatforms) = postSolution
		{B7086186-E78E-4818-8C13-0626BB60B4A5}.Debug|Any CPU.ActiveCfg = Debug|Any CPU
		{B7086186-E78E-4818-8C13-0626BB60B4A5}.Debug|Any CPU.Build.0 = Debug|Any CPU
		{B7086186-E78E-4818-8C13-0626BB60B4A5}.Release|Any CPU.ActiveCfg = Release|Any CPU
		{B7086186-E78E-4818-8C13-0626BB60B4A5}.Release|Any CPU.Build.0 = Release|Any CPU
		{9C0291BE-0220-4D46-8659-31E5B30DFB88}.Debug|Any CPU.ActiveCfg = Debug|Any CPU
		{9C0291BE-0220-4D46-8659-31E5B30DFB88}.Debug|Any CPU.Build.0 = Debug|Any CPU
		{9C0291BE-0220-4D46-8659-31E5B30DFB88}.Release|Any CPU.ActiveCfg = Release|Any CPU
		{9C0291BE-0220-4D46-8659-31E5B30DFB88}.Release|Any CPU.Build.0 = Release|Any CPU
		{D64A58B8-52EA-4F2E-95F4-C0BD8AC139CF}.Debug|Any CPU.ActiveCfg = Debug|Any CPU
		{D64A58B8-52EA-4F2E-95F4-C0BD8AC139CF}.Debug|Any CPU.Build.0 = Debug|Any CPU
		{D64A58B8-52EA-4F2E-95F4-C0BD8AC139CF}.Release|Any CPU.ActiveCfg = Release|Any CPU
		{D64A58B8-52EA-4F2E-95F4-C0BD8AC139CF}.Release|Any CPU.Build.0 = Release|Any CPU
		{5DFC3FDC-6D78-4BD1-A3B5-A3D92BA464FF}.Debug|Any CPU.ActiveCfg = Debug|Any CPU
		{5DFC3FDC-6D78-4BD1-A3B5-A3D92BA464FF}.Debug|Any CPU.Build.0 = Debug|Any CPU
		{5DFC3FDC-6D78-4BD1-A3B5-A3D92BA464FF}.Release|Any CPU.ActiveCfg = Release|Any CPU
		{5DFC3FDC-6D78-4BD1-A3B5-A3D92BA464FF}.Release|Any CPU.Build.0 = Release|Any CPU
		{F7FA8E04-F435-4F1E-8E4C-63174FCB204F}.Debug|Any CPU.ActiveCfg = Debug|Any CPU
		{F7FA8E04-F435-4F1E-8E4C-63174FCB204F}.Debug|Any CPU.Build.0 = Debug|Any CPU
		{F7FA8E04-F435-4F1E-8E4C-63174FCB204F}.Release|Any CPU.ActiveCfg = Release|Any CPU
		{F7FA8E04-F435-4F1E-8E4C-63174FCB204F}.Release|Any CPU.Build.0 = Release|Any CPU
		{1AEACBD3-D0FB-4360-845F-02742F771338}.Debug|Any CPU.ActiveCfg = Debug|Any CPU
		{1AEACBD3-D0FB-4360-845F-02742F771338}.Debug|Any CPU.Build.0 = Debug|Any CPU
		{1AEACBD3-D0FB-4360-845F-02742F771338}.Release|Any CPU.ActiveCfg = Release|Any CPU
		{1AEACBD3-D0FB-4360-845F-02742F771338}.Release|Any CPU.Build.0 = Release|Any CPU
		{7668612E-71F5-43BE-86CD-A61D330DACE9}.Debug|Any CPU.ActiveCfg = Debug|Any CPU
		{7668612E-71F5-43BE-86CD-A61D330DACE9}.Debug|Any CPU.Build.0 = Debug|Any CPU
		{7668612E-71F5-43BE-86CD-A61D330DACE9}.Release|Any CPU.ActiveCfg = Release|Any CPU
		{7668612E-71F5-43BE-86CD-A61D330DACE9}.Release|Any CPU.Build.0 = Release|Any CPU
	EndGlobalSection
EndGlobal
